
Microsoft Visual Studio Solution File, Format Version 12.00
Project("{FAE04EC0-301F-11D3-BF4B-00C04F79EFBC}") = "RPM_LR_X_2", "RPM_LR_X_2\RPM_LR_X_2\RPM_LR_X_2.csproj", "{B7129FD1-CC69-41F6-B375-DC1A0B1AA45F}"
EndProject
Project("{FAE04EC0-301F-11D3-BF4B-00C04F79EFBC}") = "RPM_LR_X_2.Droid", "RPM_LR_X_2\RPM_LR_X_2.Droid\RPM_LR_X_2.Droid.csproj", "{8A8B1731-2F7D-435E-A905-AE62FB641961}"
EndProject
Project("{FAE04EC0-301F-11D3-BF4B-00C04F79EFBC}") = "RPM_LR_X_2.iOS", "RPM_LR_X_2\RPM_LR_X_2.iOS\RPM_LR_X_2.iOS.csproj", "{7680A748-2FA7-4880-A2D0-88B107497DF9}"
EndProject
Global
	GlobalSection(SolutionConfigurationPlatforms) = preSolution
		Ad-Hoc|iPhone = Ad-Hoc|iPhone
		AppStore|iPhone = AppStore|iPhone
		Debug|Any CPU = Debug|Any CPU
		Debug|iPhone = Debug|iPhone
		Debug|iPhoneSimulator = Debug|iPhoneSimulator
		Release|Any CPU = Release|Any CPU
		Release|iPhone = Release|iPhone
		Release|iPhoneSimulator = Release|iPhoneSimulator
	EndGlobalSection
	GlobalSection(ProjectConfigurationPlatforms) = postSolution
		{B7129FD1-CC69-41F6-B375-DC1A0B1AA45F}.Ad-Hoc|iPhone.ActiveCfg = Debug|Any CPU
		{B7129FD1-CC69-41F6-B375-DC1A0B1AA45F}.Ad-Hoc|iPhone.Build.0 = Debug|Any CPU
		{B7129FD1-CC69-41F6-B375-DC1A0B1AA45F}.AppStore|iPhone.ActiveCfg = Debug|Any CPU
		{B7129FD1-CC69-41F6-B375-DC1A0B1AA45F}.AppStore|iPhone.Build.0 = Debug|Any CPU
		{B7129FD1-CC69-41F6-B375-DC1A0B1AA45F}.Debug|Any CPU.ActiveCfg = Debug|Any CPU
		{B7129FD1-CC69-41F6-B375-DC1A0B1AA45F}.Debug|Any CPU.Build.0 = Debug|Any CPU
		{B7129FD1-CC69-41F6-B375-DC1A0B1AA45F}.Debug|iPhone.ActiveCfg = Debug|Any CPU
		{B7129FD1-CC69-41F6-B375-DC1A0B1AA45F}.Debug|iPhone.Build.0 = Debug|Any CPU
		{B7129FD1-CC69-41F6-B375-DC1A0B1AA45F}.Debug|iPhoneSimulator.ActiveCfg = Debug|Any CPU
		{B7129FD1-CC69-41F6-B375-DC1A0B1AA45F}.Debug|iPhoneSimulator.Build.0 = Debug|Any CPU
		{B7129FD1-CC69-41F6-B375-DC1A0B1AA45F}.Release|Any CPU.ActiveCfg = Release|Any CPU
		{B7129FD1-CC69-41F6-B375-DC1A0B1AA45F}.Release|Any CPU.Build.0 = Release|Any CPU
		{B7129FD1-CC69-41F6-B375-DC1A0B1AA45F}.Release|iPhone.ActiveCfg = Release|Any CPU
		{B7129FD1-CC69-41F6-B375-DC1A0B1AA45F}.Release|iPhone.Build.0 = Release|Any CPU
		{B7129FD1-CC69-41F6-B375-DC1A0B1AA45F}.Release|iPhoneSimulator.ActiveCfg = Release|Any CPU
		{B7129FD1-CC69-41F6-B375-DC1A0B1AA45F}.Release|iPhoneSimulator.Build.0 = Release|Any CPU
		{8A8B1731-2F7D-435E-A905-AE62FB641961}.Ad-Hoc|iPhone.ActiveCfg = Debug|Any CPU
		{8A8B1731-2F7D-435E-A905-AE62FB641961}.Ad-Hoc|iPhone.Build.0 = Debug|Any CPU
		{8A8B1731-2F7D-435E-A905-AE62FB641961}.Ad-Hoc|iPhone.Deploy.0 = Debug|Any CPU
		{8A8B1731-2F7D-435E-A905-AE62FB641961}.AppStore|iPhone.ActiveCfg = Debug|Any CPU
		{8A8B1731-2F7D-435E-A905-AE62FB641961}.AppStore|iPhone.Build.0 = Debug|Any CPU
		{8A8B1731-2F7D-435E-A905-AE62FB641961}.AppStore|iPhone.Deploy.0 = Debug|Any CPU
		{8A8B1731-2F7D-435E-A905-AE62FB641961}.Debug|Any CPU.ActiveCfg = Debug|Any CPU
		{8A8B1731-2F7D-435E-A905-AE62FB641961}.Debug|Any CPU.Build.0 = Debug|Any CPU
		{8A8B1731-2F7D-435E-A905-AE62FB641961}.Debug|Any CPU.Deploy.0 = Debug|Any CPU
		{8A8B1731-2F7D-435E-A905-AE62FB641961}.Debug|iPhone.ActiveCfg = Debug|Any CPU
		{8A8B1731-2F7D-435E-A905-AE62FB641961}.Debug|iPhone.Build.0 = Debug|Any CPU
		{8A8B1731-2F7D-435E-A905-AE62FB641961}.Debug|iPhone.Deploy.0 = Debug|Any CPU
		{8A8B1731-2F7D-435E-A905-AE62FB641961}.Debug|iPhoneSimulator.ActiveCfg = Debug|Any CPU
		{8A8B1731-2F7D-435E-A905-AE62FB641961}.Debug|iPhoneSimulator.Build.0 = Debug|Any CPU
		{8A8B1731-2F7D-435E-A905-AE62FB641961}.Debug|iPhoneSimulator.Deploy.0 = Debug|Any CPU
		{8A8B1731-2F7D-435E-A905-AE62FB641961}.Release|Any CPU.ActiveCfg = Release|Any CPU
		{8A8B1731-2F7D-435E-A905-AE62FB641961}.Release|Any CPU.Build.0 = Release|Any CPU
		{8A8B1731-2F7D-435E-A905-AE62FB641961}.Release|Any CPU.Deploy.0 = Release|Any CPU
		{8A8B1731-2F7D-435E-A905-AE62FB641961}.Release|iPhone.ActiveCfg = Release|Any CPU
		{8A8B1731-2F7D-435E-A905-AE62FB641961}.Release|iPhone.Build.0 = Release|Any CPU
		{8A8B1731-2F7D-435E-A905-AE62FB641961}.Release|iPhone.Deploy.0 = Release|Any CPU
		{8A8B1731-2F7D-435E-A905-AE62FB641961}.Release|iPhoneSimulator.ActiveCfg = Release|Any CPU
		{8A8B1731-2F7D-435E-A905-AE62FB641961}.Release|iPhoneSimulator.Build.0 = Release|Any CPU
		{8A8B1731-2F7D-435E-A905-AE62FB641961}.Release|iPhoneSimulator.Deploy.0 = Release|Any CPU
		{7680A748-2FA7-4880-A2D0-88B107497DF9}.Ad-Hoc|iPhone.ActiveCfg = Ad-Hoc|iPhone
		{7680A748-2FA7-4880-A2D0-88B107497DF9}.Ad-Hoc|iPhone.Build.0 = Ad-Hoc|iPhone
		{7680A748-2FA7-4880-A2D0-88B107497DF9}.Ad-Hoc|iPhone.Deploy.0 = Ad-Hoc|iPhone
		{7680A748-2FA7-4880-A2D0-88B107497DF9}.AppStore|iPhone.ActiveCfg = AppStore|iPhone
		{7680A748-2FA7-4880-A2D0-88B107497DF9}.AppStore|iPhone.Build.0 = AppStore|iPhone
		{7680A748-2FA7-4880-A2D0-88B107497DF9}.AppStore|iPhone.Deploy.0 = AppStore|iPhone
		{7680A748-2FA7-4880-A2D0-88B107497DF9}.Debug|Any CPU.ActiveCfg = Debug|iPhoneSimulator
		{7680A748-2FA7-4880-A2D0-88B107497DF9}.Debug|Any CPU.Build.0 = Debug|iPhoneSimulator
		{7680A748-2FA7-4880-A2D0-88B107497DF9}.Debug|Any CPU.Deploy.0 = Debug|iPhoneSimulator
		{7680A748-2FA7-4880-A2D0-88B107497DF9}.Debug|iPhone.ActiveCfg = Debug|iPhone
		{7680A748-2FA7-4880-A2D0-88B107497DF9}.Debug|iPhone.Build.0 = Debug|iPhone
		{7680A748-2FA7-4880-A2D0-88B107497DF9}.Debug|iPhone.Deploy.0 = Debug|iPhone
		{7680A748-2FA7-4880-A2D0-88B107497DF9}.Debug|iPhoneSimulator.ActiveCfg = Debug|iPhoneSimulator
		{7680A748-2FA7-4880-A2D0-88B107497DF9}.Debug|iPhoneSimulator.Build.0 = Debug|iPhoneSimulator
		{7680A748-2FA7-4880-A2D0-88B107497DF9}.Debug|iPhoneSimulator.Deploy.0 = Debug|iPhoneSimulator
		{7680A748-2FA7-4880-A2D0-88B107497DF9}.Release|Any CPU.ActiveCfg = Release|iPhoneSimulator
		{7680A748-2FA7-4880-A2D0-88B107497DF9}.Release|Any CPU.Build.0 = Release|iPhoneSimulator
		{7680A748-2FA7-4880-A2D0-88B107497DF9}.Release|Any CPU.Deploy.0 = Release|iPhoneSimulator
		{7680A748-2FA7-4880-A2D0-88B107497DF9}.Release|iPhone.ActiveCfg = Release|iPhone
		{7680A748-2FA7-4880-A2D0-88B107497DF9}.Release|iPhone.Build.0 = Release|iPhone
		{7680A748-2FA7-4880-A2D0-88B107497DF9}.Release|iPhone.Deploy.0 = Release|iPhone
		{7680A748-2FA7-4880-A2D0-88B107497DF9}.Release|iPhoneSimulator.ActiveCfg = Release|iPhoneSimulator
		{7680A748-2FA7-4880-A2D0-88B107497DF9}.Release|iPhoneSimulator.Build.0 = Release|iPhoneSimulator
		{7680A748-2FA7-4880-A2D0-88B107497DF9}.Release|iPhoneSimulator.Deploy.0 = Release|iPhoneSimulator
	EndGlobalSection
EndGlobal
